// !$*UTF8*$!
{
	archiveVersion = 1;
	classes = {
	};
	objectVersion = 55;
	objects = {

/* Begin PBXBuildFile section */
		3E2DCCE227A0D26100FE83AC /* AppDelegate.swift in Sources */ = {isa = PBXBuildFile; fileRef = 3E2DCCE127A0D26100FE83AC /* AppDelegate.swift */; };
		3E2DCCE427A0D26100FE83AC /* SceneDelegate.swift in Sources */ = {isa = PBXBuildFile; fileRef = 3E2DCCE327A0D26100FE83AC /* SceneDelegate.swift */; };
		3E2DCCE627A0D26100FE83AC /* ViewController.swift in Sources */ = {isa = PBXBuildFile; fileRef = 3E2DCCE527A0D26100FE83AC /* ViewController.swift */; };
		3E2DCCE927A0D26100FE83AC /* Main.storyboard in Resources */ = {isa = PBXBuildFile; fileRef = 3E2DCCE727A0D26100FE83AC /* Main.storyboard */; };
		3E2DCCEB27A0D26300FE83AC /* Assets.xcassets in Resources */ = {isa = PBXBuildFile; fileRef = 3E2DCCEA27A0D26300FE83AC /* Assets.xcassets */; };
		3E2DCCEE27A0D26300FE83AC /* LaunchScreen.storyboard in Resources */ = {isa = PBXBuildFile; fileRef = 3E2DCCEC27A0D26300FE83AC /* LaunchScreen.storyboard */; };
		3E2DCCF927A0D26300FE83AC /* You_Are_AwesomeTests.swift in Sources */ = {isa = PBXBuildFile; fileRef = 3E2DCCF827A0D26300FE83AC /* You_Are_AwesomeTests.swift */; };
		3E2DCD0327A0D26300FE83AC /* You_Are_AwesomeUITests.swift in Sources */ = {isa = PBXBuildFile; fileRef = 3E2DCD0227A0D26300FE83AC /* You_Are_AwesomeUITests.swift */; };
		3E2DCD0527A0D26300FE83AC /* You_Are_AwesomeUITestsLaunchTests.swift in Sources */ = {isa = PBXBuildFile; fileRef = 3E2DCD0427A0D26300FE83AC /* You_Are_AwesomeUITestsLaunchTests.swift */; };
/* End PBXBuildFile section */

/* Begin PBXContainerItemProxy section */
		3E2DCCF527A0D26300FE83AC /* PBXContainerItemProxy */ = {
			isa = PBXContainerItemProxy;
			containerPortal = 3E2DCCD627A0D26100FE83AC /* Project object */;
			proxyType = 1;
			remoteGlobalIDString = 3E2DCCDD27A0D26100FE83AC;
			remoteInfo = "You Are Awesome";
		};
		3E2DCCFF27A0D26300FE83AC /* PBXContainerItemProxy */ = {
			isa = PBXContainerItemProxy;
			containerPortal = 3E2DCCD627A0D26100FE83AC /* Project object */;
			proxyType = 1;
			remoteGlobalIDString = 3E2DCCDD27A0D26100FE83AC;
			remoteInfo = "You Are Awesome";
		};
/* End PBXContainerItemProxy section */

/* Begin PBXFileReference section */
		3E2DCCDE27A0D26100FE83AC /* You Are Awesome.app */ = {isa = PBXFileReference; explicitFileType = wrapper.application; includeInIndex = 0; path = "You Are Awesome.app"; sourceTree = BUILT_PRODUCTS_DIR; };
		3E2DCCE127A0D26100FE83AC /* AppDelegate.swift */ = {isa = PBXFileReference; lastKnownFileType = sourcecode.swift; path = AppDelegate.swift; sourceTree = "<group>"; };
		3E2DCCE327A0D26100FE83AC /* SceneDelegate.swift */ = {isa = PBXFileReference; lastKnownFileType = sourcecode.swift; path = SceneDelegate.swift; sourceTree = "<group>"; };
		3E2DCCE527A0D26100FE83AC /* ViewController.swift */ = {isa = PBXFileReference; lastKnownFileType = sourcecode.swift; path = ViewController.swift; sourceTree = "<group>"; };
		3E2DCCE827A0D26100FE83AC /* Base */ = {isa = PBXFileReference; lastKnownFileType = file.storyboard; name = Base; path = Base.lproj/Main.storyboard; sourceTree = "<group>"; };
		3E2DCCEA27A0D26300FE83AC /* Assets.xcassets */ = {isa = PBXFileReference; lastKnownFileType = folder.assetcatalog; path = Assets.xcassets; sourceTree = "<group>"; };
		3E2DCCED27A0D26300FE83AC /* Base */ = {isa = PBXFileReference; lastKnownFileType = file.storyboard; name = Base; path = Base.lproj/LaunchScreen.storyboard; sourceTree = "<group>"; };
		3E2DCCEF27A0D26300FE83AC /* Info.plist */ = {isa = PBXFileReference; lastKnownFileType = text.plist.xml; path = Info.plist; sourceTree = "<group>"; };
		3E2DCCF427A0D26300FE83AC /* You Are AwesomeTests.xctest */ = {isa = PBXFileReference; explicitFileType = wrapper.cfbundle; includeInIndex = 0; path = "You Are AwesomeTests.xctest"; sourceTree = BUILT_PRODUCTS_DIR; };
		3E2DCCF827A0D26300FE83AC /* You_Are_AwesomeTests.swift */ = {isa = PBXFileReference; lastKnownFileType = sourcecode.swift; path = You_Are_AwesomeTests.swift; sourceTree = "<group>"; };
		3E2DCCFE27A0D26300FE83AC /* You Are AwesomeUITests.xctest */ = {isa = PBXFileReference; explicitFileType = wrapper.cfbundle; includeInIndex = 0; path = "You Are AwesomeUITests.xctest"; sourceTree = BUILT_PRODUCTS_DIR; };
		3E2DCD0227A0D26300FE83AC /* You_Are_AwesomeUITests.swift */ = {isa = PBXFileReference; lastKnownFileType = sourcecode.swift; path = You_Are_AwesomeUITests.swift; sourceTree = "<group>"; };
		3E2DCD0427A0D26300FE83AC /* You_Are_AwesomeUITestsLaunchTests.swift */ = {isa = PBXFileReference; lastKnownFileType = sourcecode.swift; path = You_Are_AwesomeUITestsLaunchTests.swift; sourceTree = "<group>"; };
/* End PBXFileReference section */

/* Begin PBXFrameworksBuildPhase section */
		3E2DCCDB27A0D26100FE83AC /* Frameworks */ = {
			isa = PBXFrameworksBuildPhase;
			buildActionMask = 2147483647;
			files = (
			);
			runOnlyForDeploymentPostprocessing = 0;
		};
		3E2DCCF127A0D26300FE83AC /* Frameworks */ = {
			isa = PBXFrameworksBuildPhase;
			buildActionMask = 2147483647;
			files = (
			);
			runOnlyForDeploymentPostprocessing = 0;
		};
		3E2DCCFB27A0D26300FE83AC /* Frameworks */ = {
			isa = PBXFrameworksBuildPhase;
			buildActionMask = 2147483647;
			files = (
			);
			runOnlyForDeploymentPostprocessing = 0;
		};
/* End PBXFrameworksBuildPhase section */

/* Begin PBXGroup section */
		3E2DCCD527A0D26100FE83AC = {
			isa = PBXGroup;
			children = (
				3E2DCCE027A0D26100FE83AC /* You Are Awesome */,
				3E2DCCF727A0D26300FE83AC /* You Are AwesomeTests */,
				3E2DCD0127A0D26300FE83AC /* You Are AwesomeUITests */,
				3E2DCCDF27A0D26100FE83AC /* Products */,
			);
			sourceTree = "<group>";
		};
		3E2DCCDF27A0D26100FE83AC /* Products */ = {
			isa = PBXGroup;
			children = (
				3E2DCCDE27A0D26100FE83AC /* You Are Awesome.app */,
				3E2DCCF427A0D26300FE83AC /* You Are AwesomeTests.xctest */,
				3E2DCCFE27A0D26300FE83AC /* You Are AwesomeUITests.xctest */,
			);
			name = Products;
			sourceTree = "<group>";
		};
		3E2DCCE027A0D26100FE83AC /* You Are Awesome */ = {
			isa = PBXGroup;
			children = (
				3E2DCCE127A0D26100FE83AC /* AppDelegate.swift */,
				3E2DCCE327A0D26100FE83AC /* SceneDelegate.swift */,
				3E2DCCE527A0D26100FE83AC /* ViewController.swift */,
				3E2DCCE727A0D26100FE83AC /* Main.storyboard */,
				3E2DCCEA27A0D26300FE83AC /* Assets.xcassets */,
				3E2DCCEC27A0D26300FE83AC /* LaunchScreen.storyboard */,
				3E2DCCEF27A0D26300FE83AC /* Info.plist */,
			);
			path = "You Are Awesome";
			sourceTree = "<group>";
		};
		3E2DCCF727A0D26300FE83AC /* You Are AwesomeTests */ = {
			isa = PBXGroup;
			children = (
				3E2DCCF827A0D26300FE83AC /* You_Are_AwesomeTests.swift */,
			);
			path = "You Are AwesomeTests";
			sourceTree = "<group>";
		};
		3E2DCD0127A0D26300FE83AC /* You Are AwesomeUITests */ = {
			isa = PBXGroup;
			children = (
				3E2DCD0227A0D26300FE83AC /* You_Are_AwesomeUITests.swift */,
				3E2DCD0427A0D26300FE83AC /* You_Are_AwesomeUITestsLaunchTests.swift */,
			);
			path = "You Are AwesomeUITests";
			sourceTree = "<group>";
		};
/* End PBXGroup section */

/* Begin PBXNativeTarget section */
		3E2DCCDD27A0D26100FE83AC /* You Are Awesome */ = {
			isa = PBXNativeTarget;
			buildConfigurationList = 3E2DCD0827A0D26300FE83AC /* Build configuration list for PBXNativeTarget "You Are Awesome" */;
			buildPhases = (
				3E2DCCDA27A0D26100FE83AC /* Sources */,
				3E2DCCDB27A0D26100FE83AC /* Frameworks */,
				3E2DCCDC27A0D26100FE83AC /* Resources */,
			);
			buildRules = (
			);
			dependencies = (
			);
			name = "You Are Awesome";
			productName = "You Are Awesome";
			productReference = 3E2DCCDE27A0D26100FE83AC /* You Are Awesome.app */;
			productType = "com.apple.product-type.application";
		};
		3E2DCCF327A0D26300FE83AC /* You Are AwesomeTests */ = {
			isa = PBXNativeTarget;
			buildConfigurationList = 3E2DCD0B27A0D26300FE83AC /* Build configuration list for PBXNativeTarget "You Are AwesomeTests" */;
			buildPhases = (
				3E2DCCF027A0D26300FE83AC /* Sources */,
				3E2DCCF127A0D26300FE83AC /* Frameworks */,
				3E2DCCF227A0D26300FE83AC /* Resources */,
			);
			buildRules = (
			);
			dependencies = (
				3E2DCCF627A0D26300FE83AC /* PBXTargetDependency */,
			);
			name = "You Are AwesomeTests";
			productName = "You Are AwesomeTests";
			productReference = 3E2DCCF427A0D26300FE83AC /* You Are AwesomeTests.xctest */;
			productType = "com.apple.product-type.bundle.unit-test";
		};
		3E2DCCFD27A0D26300FE83AC /* You Are AwesomeUITests */ = {
			isa = PBXNativeTarget;
			buildConfigurationList = 3E2DCD0E27A0D26300FE83AC /* Build configuration list for PBXNativeTarget "You Are AwesomeUITests" */;
			buildPhases = (
				3E2DCCFA27A0D26300FE83AC /* Sources */,
				3E2DCCFB27A0D26300FE83AC /* Frameworks */,
				3E2DCCFC27A0D26300FE83AC /* Resources */,
			);
			buildRules = (
			);
			dependencies = (
				3E2DCD0027A0D26300FE83AC /* PBXTargetDependency */,
			);
			name = "You Are AwesomeUITests";
			productName = "You Are AwesomeUITests";
			productReference = 3E2DCCFE27A0D26300FE83AC /* You Are AwesomeUITests.xctest */;
			productType = "com.apple.product-type.bundle.ui-testing";
		};
/* End PBXNativeTarget section */

/* Begin PBXProject section */
		3E2DCCD627A0D26100FE83AC /* Project object */ = {
			isa = PBXProject;
			attributes = {
				BuildIndependentTargetsInParallel = 1;
				LastSwiftUpdateCheck = 1320;
				LastUpgradeCheck = 1320;
				TargetAttributes = {
					3E2DCCDD27A0D26100FE83AC = {
						CreatedOnToolsVersion = 13.2.1;
					};
					3E2DCCF327A0D26300FE83AC = {
						CreatedOnToolsVersion = 13.2.1;
						TestTargetID = 3E2DCCDD27A0D26100FE83AC;
					};
					3E2DCCFD27A0D26300FE83AC = {
						CreatedOnToolsVersion = 13.2.1;
						TestTargetID = 3E2DCCDD27A0D26100FE83AC;
					};
				};
			};
			buildConfigurationList = 3E2DCCD927A0D26100FE83AC /* Build configuration list for PBXProject "You Are Awesome" */;
			compatibilityVersion = "Xcode 13.0";
			developmentRegion = en;
			hasScannedForEncodings = 0;
			knownRegions = (
				en,
				Base,
			);
			mainGroup = 3E2DCCD527A0D26100FE83AC;
			productRefGroup = 3E2DCCDF27A0D26100FE83AC /* Products */;
			projectDirPath = "";
			projectRoot = "";
			targets = (
				3E2DCCDD27A0D26100FE83AC /* You Are Awesome */,
				3E2DCCF327A0D26300FE83AC /* You Are AwesomeTests */,
				3E2DCCFD27A0D26300FE83AC /* You Are AwesomeUITests */,
			);
		};
/* End PBXProject section */

/* Begin PBXResourcesBuildPhase section */
		3E2DCCDC27A0D26100FE83AC /* Resources */ = {
			isa = PBXResourcesBuildPhase;
			buildActionMask = 2147483647;
			files = (
				3E2DCCEE27A0D26300FE83AC /* LaunchScreen.storyboard in Resources */,
				3E2DCCEB27A0D26300FE83AC /* Assets.xcassets in Resources */,
				3E2DCCE927A0D26100FE83AC /* Main.storyboard in Resources */,
			);
			runOnlyForDeploymentPostprocessing = 0;
		};
		3E2DCCF227A0D26300FE83AC /* Resources */ = {
			isa = PBXResourcesBuildPhase;
			buildActionMask = 2147483647;
			files = (
			);
			runOnlyForDeploymentPostprocessing = 0;
		};
		3E2DCCFC27A0D26300FE83AC /* Resources */ = {
			isa = PBXResourcesBuildPhase;
			buildActionMask = 2147483647;
			files = (
			);
			runOnlyForDeploymentPostprocessing = 0;
		};
/* End PBXResourcesBuildPhase section */

/* Begin PBXSourcesBuildPhase section */
		3E2DCCDA27A0D26100FE83AC /* Sources */ = {
			isa = PBXSourcesBuildPhase;
			buildActionMask = 2147483647;
			files = (
				3E2DCCE627A0D26100FE83AC /* ViewController.swift in Sources */,
				3E2DCCE227A0D26100FE83AC /* AppDelegate.swift in Sources */,
				3E2DCCE427A0D26100FE83AC /* SceneDelegate.swift in Sources */,
			);
			runOnlyForDeploymentPostprocessing = 0;
		};
		3E2DCCF027A0D26300FE83AC /* Sources */ = {
			isa = PBXSourcesBuildPhase;
			buildActionMask = 2147483647;
			files = (
				3E2DCCF927A0D26300FE83AC /* You_Are_AwesomeTests.swift in Sources */,
			);
			runOnlyForDeploymentPostprocessing = 0;
		};
		3E2DCCFA27A0D26300FE83AC /* Sources */ = {
			isa = PBXSourcesBuildPhase;
			buildActionMask = 2147483647;
			files = (
				3E2DCD0327A0D26300FE83AC /* You_Are_AwesomeUITests.swift in Sources */,
				3E2DCD0527A0D26300FE83AC /* You_Are_AwesomeUITestsLaunchTests.swift in Sources */,
			);
			runOnlyForDeploymentPostprocessing = 0;
		};
/* End PBXSourcesBuildPhase section */

/* Begin PBXTargetDependency section */
		3E2DCCF627A0D26300FE83AC /* PBXTargetDependency */ = {
			isa = PBXTargetDependency;
			target = 3E2DCCDD27A0D26100FE83AC /* You Are Awesome */;
			targetProxy = 3E2DCCF527A0D26300FE83AC /* PBXContainerItemProxy */;
		};
		3E2DCD0027A0D26300FE83AC /* PBXTargetDependency */ = {
			isa = PBXTargetDependency;
			target = 3E2DCCDD27A0D26100FE83AC /* You Are Awesome */;
			targetProxy = 3E2DCCFF27A0D26300FE83AC /* PBXContainerItemProxy */;
		};
/* End PBXTargetDependency section */

/* Begin PBXVariantGroup section */
		3E2DCCE727A0D26100FE83AC /* Main.storyboard */ = {
			isa = PBXVariantGroup;
			children = (
				3E2DCCE827A0D26100FE83AC /* Base */,
			);
			name = Main.storyboard;
			sourceTree = "<group>";
		};
		3E2DCCEC27A0D26300FE83AC /* LaunchScreen.storyboard */ = {
			isa = PBXVariantGroup;
			children = (
				3E2DCCED27A0D26300FE83AC /* Base */,
			);
			name = LaunchScreen.storyboard;
			sourceTree = "<group>";
		};
/* End PBXVariantGroup section */

/* Begin XCBuildConfiguration section */
		3E2DCD0627A0D26300FE83AC /* Debug */ = {
			isa = XCBuildConfiguration;
			buildSettings = {
				ALWAYS_SEARCH_USER_PATHS = NO;
				CLANG_ANALYZER_NONNULL = YES;
				CLANG_ANALYZER_NUMBER_OBJECT_CONVERSION = YES_AGGRESSIVE;
				CLANG_CXX_LANGUAGE_STANDARD = "gnu++17";
				CLANG_CXX_LIBRARY = "libc++";
				CLANG_ENABLE_MODULES = YES;
				CLANG_ENABLE_OBJC_ARC = YES;
				CLANG_ENABLE_OBJC_WEAK = YES;
				CLANG_WARN_BLOCK_CAPTURE_AUTORELEASING = YES;
				CLANG_WARN_BOOL_CONVERSION = YES;
				CLANG_WARN_COMMA = YES;
				CLANG_WARN_CONSTANT_CONVERSION = YES;
				CLANG_WARN_DEPRECATED_OBJC_IMPLEMENTATIONS = YES;
				CLANG_WARN_DIRECT_OBJC_ISA_USAGE = YES_ERROR;
				CLANG_WARN_DOCUMENTATION_COMMENTS = YES;
				CLANG_WARN_EMPTY_BODY = YES;
				CLANG_WARN_ENUM_CONVERSION = YES;
				CLANG_WARN_INFINITE_RECURSION = YES;
				CLANG_WARN_INT_CONVERSION = YES;
				CLANG_WARN_NON_LITERAL_NULL_CONVERSION = YES;
				CLANG_WARN_OBJC_IMPLICIT_RETAIN_SELF = YES;
				CLANG_WARN_OBJC_LITERAL_CONVERSION = YES;
				CLANG_WARN_OBJC_ROOT_CLASS = YES_ERROR;
				CLANG_WARN_QUOTED_INCLUDE_IN_FRAMEWORK_HEADER = YES;
				CLANG_WARN_RANGE_LOOP_ANALYSIS = YES;
				CLANG_WARN_STRICT_PROTOTYPES = YES;
				CLANG_WARN_SUSPICIOUS_MOVE = YES;
				CLANG_WARN_UNGUARDED_AVAILABILITY = YES_AGGRESSIVE;
				CLANG_WARN_UNREACHABLE_CODE = YES;
				CLANG_WARN__DUPLICATE_METHOD_MATCH = YES;
				COPY_PHASE_STRIP = NO;
				DEBUG_INFORMATION_FORMAT = dwarf;
				ENABLE_STRICT_OBJC_MSGSEND = YES;
				ENABLE_TESTABILITY = YES;
				GCC_C_LANGUAGE_STANDARD = gnu11;
				GCC_DYNAMIC_NO_PIC = NO;
				GCC_NO_COMMON_BLOCKS = YES;
				GCC_OPTIMIZATION_LEVEL = 0;
				GCC_PREPROCESSOR_DEFINITIONS = (
					"DEBUG=1",
					"$(inherited)",
				);
				GCC_WARN_64_TO_32_BIT_CONVERSION = YES;
				GCC_WARN_ABOUT_RETURN_TYPE = YES_ERROR;
				GCC_WARN_UNDECLARED_SELECTOR = YES;
				GCC_WARN_UNINITIALIZED_AUTOS = YES_AGGRESSIVE;
				GCC_WARN_UNUSED_FUNCTION = YES;
				GCC_WARN_UNUSED_VARIABLE = YES;
				IPHONEOS_DEPLOYMENT_TARGET = 15.2;
				MTL_ENABLE_DEBUG_INFO = INCLUDE_SOURCE;
				MTL_FAST_MATH = YES;
				ONLY_ACTIVE_ARCH = YES;
				SDKROOT = iphoneos;
				SWIFT_ACTIVE_COMPILATION_CONDITIONS = DEBUG;
				SWIFT_OPTIMIZATION_LEVEL = "-Onone";
			};
			name = Debug;
		};
		3E2DCD0727A0D26300FE83AC /* Release */ = {
			isa = XCBuildConfiguration;
			buildSettings = {
				ALWAYS_SEARCH_USER_PATHS = NO;
				CLANG_ANALYZER_NONNULL = YES;
				CLANG_ANALYZER_NUMBER_OBJECT_CONVERSION = YES_AGGRESSIVE;
				CLANG_CXX_LANGUAGE_STANDARD = "gnu++17";
				CLANG_CXX_LIBRARY = "libc++";
				CLANG_ENABLE_MODULES = YES;
				CLANG_ENABLE_OBJC_ARC = YES;
				CLANG_ENABLE_OBJC_WEAK = YES;
				CLANG_WARN_BLOCK_CAPTURE_AUTORELEASING = YES;
				CLANG_WARN_BOOL_CONVERSION = YES;
				CLANG_WARN_COMMA = YES;
				CLANG_WARN_CONSTANT_CONVERSION = YES;
				CLANG_WARN_DEPRECATED_OBJC_IMPLEMENTATIONS = YES;
				CLANG_WARN_DIRECT_OBJC_ISA_USAGE = YES_ERROR;
				CLANG_WARN_DOCUMENTATION_COMMENTS = YES;
				CLANG_WARN_EMPTY_BODY = YES;
				CLANG_WARN_ENUM_CONVERSION = YES;
				CLANG_WARN_INFINITE_RECURSION = YES;
				CLANG_WARN_INT_CONVERSION = YES;
				CLANG_WARN_NON_LITERAL_NULL_CONVERSION = YES;
				CLANG_WARN_OBJC_IMPLICIT_RETAIN_SELF = YES;
				CLANG_WARN_OBJC_LITERAL_CONVERSION = YES;
				CLANG_WARN_OBJC_ROOT_CLASS = YES_ERROR;
				CLANG_WARN_QUOTED_INCLUDE_IN_FRAMEWORK_HEADER = YES;
				CLANG_WARN_RANGE_LOOP_ANALYSIS = YES;
				CLANG_WARN_STRICT_PROTOTYPES = YES;
				CLANG_WARN_SUSPICIOUS_MOVE = YES;
				CLANG_WARN_UNGUARDED_AVAILABILITY = YES_AGGRESSIVE;
				CLANG_WARN_UNREACHABLE_CODE = YES;
				CLANG_WARN__DUPLICATE_METHOD_MATCH = YES;
				COPY_PHASE_STRIP = NO;
				DEBUG_INFORMATION_FORMAT = "dwarf-with-dsym";
				ENABLE_NS_ASSERTIONS = NO;
				ENABLE_STRICT_OBJC_MSGSEND = YES;
				GCC_C_LANGUAGE_STANDARD = gnu11;
				GCC_NO_COMMON_BLOCKS = YES;
				GCC_WARN_64_TO_32_BIT_CONVERSION = YES;
				GCC_WARN_ABOUT_RETURN_TYPE = YES_ERROR;
				GCC_WARN_UNDECLARED_SELECTOR = YES;
				GCC_WARN_UNINITIALIZED_AUTOS = YES_AGGRESSIVE;
				GCC_WARN_UNUSED_FUNCTION = YES;
				GCC_WARN_UNUSED_VARIABLE = YES;
				IPHONEOS_DEPLOYMENT_TARGET = 15.2;
				MTL_ENABLE_DEBUG_INFO = NO;
				MTL_FAST_MATH = YES;
				SDKROOT = iphoneos;
				SWIFT_COMPILATION_MODE = wholemodule;
				SWIFT_OPTIMIZATION_LEVEL = "-O";
				VALIDATE_PRODUCT = YES;
			};
			name = Release;
		};
		3E2DCD0927A0D26300FE83AC /* Debug */ = {
			isa = XCBuildConfiguration;
			buildSettings = {
				ASSETCATALOG_COMPILER_APPICON_NAME = AppIcon;
				ASSETCATALOG_COMPILER_GLOBAL_ACCENT_COLOR_NAME = AccentColor;
				CODE_SIGN_STYLE = Automatic;
				CURRENT_PROJECT_VERSION = 1;
				DEVELOPMENT_TEAM = 97HMBK2M5S;
				GENERATE_INFOPLIST_FILE = YES;
				INFOPLIST_FILE = "You Are Awesome/Info.plist";
				INFOPLIST_KEY_UIApplicationSupportsIndirectInputEvents = YES;
				INFOPLIST_KEY_UILaunchStoryboardName = LaunchScreen;
				INFOPLIST_KEY_UIMainStoryboardFile = Main;
				INFOPLIST_KEY_UISupportedInterfaceOrientations_iPad = "UIInterfaceOrientationPortrait UIInterfaceOrientationPortraitUpsideDown UIInterfaceOrientationLandscapeLeft UIInterfaceOrientationLandscapeRight";
				INFOPLIST_KEY_UISupportedInterfaceOrientations_iPhone = "UIInterfaceOrientationPortrait UIInterfaceOrientationLandscapeLeft UIInterfaceOrientationLandscapeRight";
				LD_RUNPATH_SEARCH_PATHS = (
					"$(inherited)",
					"@executable_path/Frameworks",
				);
				MARKETING_VERSION = 1.0;
				PRODUCT_BUNDLE_IDENTIFIER = "com.rodriguez.You-Are-Awesome";
				PRODUCT_NAME = "$(TARGET_NAME)";
				SWIFT_EMIT_LOC_STRINGS = YES;
				SWIFT_VERSION = 5.0;
				TARGETED_DEVICE_FAMILY = "1,2";
			};
			name = Debug;
		};
		3E2DCD0A27A0D26300FE83AC /* Release */ = {
			isa = XCBuildConfiguration;
			buildSettings = {
				ASSETCATALOG_COMPILER_APPICON_NAME = AppIcon;
				ASSETCATALOG_COMPILER_GLOBAL_ACCENT_COLOR_NAME = AccentColor;
				CODE_SIGN_STYLE = Automatic;
				CURRENT_PROJECT_VERSION = 1;
				DEVELOPMENT_TEAM = 97HMBK2M5S;
				GENERATE_INFOPLIST_FILE = YES;
				INFOPLIST_FILE = "You Are Awesome/Info.plist";
				INFOPLIST_KEY_UIApplicationSupportsIndirectInputEvents = YES;
				INFOPLIST_KEY_UILaunchStoryboardName = LaunchScreen;
				INFOPLIST_KEY_UIMainStoryboardFile = Main;
				INFOPLIST_KEY_UISupportedInterfaceOrientations_iPad = "UIInterfaceOrientationPortrait UIInterfaceOrientationPortraitUpsideDown UIInterfaceOrientationLandscapeLeft UIInterfaceOrientationLandscapeRight";
				INFOPLIST_KEY_UISupportedInterfaceOrientations_iPhone = "UIInterfaceOrientationPortrait UIInterfaceOrientationLandscapeLeft UIInterfaceOrientationLandscapeRight";
				LD_RUNPATH_SEARCH_PATHS = (
					"$(inherited)",
					"@executable_path/Frameworks",
				);
				MARKETING_VERSION = 1.0;
				PRODUCT_BUNDLE_IDENTIFIER = "com.rodriguez.You-Are-Awesome";
				PRODUCT_NAME = "$(TARGET_NAME)";
				SWIFT_EMIT_LOC_STRINGS = YES;
				SWIFT_VERSION = 5.0;
				TARGETED_DEVICE_FAMILY = "1,2";
			};
			name = Release;
		};
		3E2DCD0C27A0D26300FE83AC /* Debug */ = {
			isa = XCBuildConfiguration;
			buildSettings = {
				ALWAYS_EMBED_SWIFT_STANDARD_LIBRARIES = YES;
				BUNDLE_LOADER = "$(TEST_HOST)";
				CODE_SIGN_STYLE = Automatic;
				CURRENT_PROJECT_VERSION = 1;
				DEVELOPMENT_TEAM = 97HMBK2M5S;
				GENERATE_INFOPLIST_FILE = YES;
				IPHONEOS_DEPLOYMENT_TARGET = 15.2;
				MARKETING_VERSION = 1.0;
				PRODUCT_BUNDLE_IDENTIFIER = "com.rodriguez.You-Are-AwesomeTests";
				PRODUCT_NAME = "$(TARGET_NAME)";
				SWIFT_EMIT_LOC_STRINGS = NO;
				SWIFT_VERSION = 5.0;
				TARGETED_DEVICE_FAMILY = "1,2";
				TEST_HOST = "$(BUILT_PRODUCTS_DIR)/You Are Awesome.app/You Are Awesome";
			};
			name = Debug;
		};
		3E2DCD0D27A0D26300FE83AC /* Release */ = {
			isa = XCBuildConfiguration;
			buildSettings = {
				ALWAYS_EMBED_SWIFT_STANDARD_LIBRARIES = YES;
				BUNDLE_LOADER = "$(TEST_HOST)";
				CODE_SIGN_STYLE = Automatic;
				CURRENT_PROJECT_VERSION = 1;
				DEVELOPMENT_TEAM = 97HMBK2M5S;
				GENERATE_INFOPLIST_FILE = YES;
				IPHONEOS_DEPLOYMENT_TARGET = 15.2;
				MARKETING_VERSION = 1.0;
				PRODUCT_BUNDLE_IDENTIFIER = "com.rodriguez.You-Are-AwesomeTests";
				PRODUCT_NAME = "$(TARGET_NAME)";
				SWIFT_EMIT_LOC_STRINGS = NO;
				SWIFT_VERSION = 5.0;
				TARGETED_DEVICE_FAMILY = "1,2";
				TEST_HOST = "$(BUILT_PRODUCTS_DIR)/You Are Awesome.app/You Are Awesome";
			};
			name = Release;
		};
		3E2DCD0F27A0D26300FE83AC /* Debug */ = {
			isa = XCBuildConfiguration;
			buildSettings = {
				ALWAYS_EMBED_SWIFT_STANDARD_LIBRARIES = YES;
				CODE_SIGN_STYLE = Automatic;
				CURRENT_PROJECT_VERSION = 1;
				DEVELOPMENT_TEAM = 97HMBK2M5S;
				GENERATE_INFOPLIST_FILE = YES;
				MARKETING_VERSION = 1.0;
				PRODUCT_BUNDLE_IDENTIFIER = "com.rodriguez.You-Are-AwesomeUITests";
				PRODUCT_NAME = "$(TARGET_NAME)";
				SWIFT_EMIT_LOC_STRINGS = NO;
				SWIFT_VERSION = 5.0;
				TARGETED_DEVICE_FAMILY = "1,2";
				TEST_TARGET_NAME = "You Are Awesome";
			};
			name = Debug;
		};
		3E2DCD1027A0D26300FE83AC /* Release */ = {
			isa = XCBuildConfiguration;
			buildSettings = {
				ALWAYS_EMBED_SWIFT_STANDARD_LIBRARIES = YES;
				CODE_SIGN_STYLE = Automatic;
				CURRENT_PROJECT_VERSION = 1;
				DEVELOPMENT_TEAM = 97HMBK2M5S;
				GENERATE_INFOPLIST_FILE = YES;
				MARKETING_VERSION = 1.0;
				PRODUCT_BUNDLE_IDENTIFIER = "com.rodriguez.You-Are-AwesomeUITests";
				PRODUCT_NAME = "$(TARGET_NAME)";
				SWIFT_EMIT_LOC_STRINGS = NO;
				SWIFT_VERSION = 5.0;
				TARGETED_DEVICE_FAMILY = "1,2";
				TEST_TARGET_NAME = "You Are Awesome";
			};
			name = Release;
		};
/* End XCBuildConfiguration section */

/* Begin XCConfigurationList section */
		3E2DCCD927A0D26100FE83AC /* Build configuration list for PBXProject "You Are Awesome" */ = {
			isa = XCConfigurationList;
			buildConfigurations = (
				3E2DCD0627A0D26300FE83AC /* Debug */,
				3E2DCD0727A0D26300FE83AC /* Release */,
			);
			defaultConfigurationIsVisible = 0;
			defaultConfigurationName = Release;
		};
		3E2DCD0827A0D26300FE83AC /* Build configuration list for PBXNativeTarget "You Are Awesome" */ = {
			isa = XCConfigurationList;
			buildConfigurations = (
				3E2DCD0927A0D26300FE83AC /* Debug */,
				3E2DCD0A27A0D26300FE83AC /* Release */,
			);
			defaultConfigurationIsVisible = 0;
			defaultConfigurationName = Release;
		};
		3E2DCD0B27A0D26300FE83AC /* Build configuration list for PBXNativeTarget "You Are AwesomeTests" */ = {
			isa = XCConfigurationList;
			buildConfigurations = (
				3E2DCD0C27A0D26300FE83AC /* Debug */,
				3E2DCD0D27A0D26300FE83AC /* Release */,
			);
			defaultConfigurationIsVisible = 0;
			defaultConfigurationName = Release;
		};
		3E2DCD0E27A0D26300FE83AC /* Build configuration list for PBXNativeTarget "You Are AwesomeUITests" */ = {
			isa = XCConfigurationList;
			buildConfigurations = (
				3E2DCD0F27A0D26300FE83AC /* Debug */,
				3E2DCD1027A0D26300FE83AC /* Release */,
			);
			defaultConfigurationIsVisible = 0;
			defaultConfigurationName = Release;
		};
/* End XCConfigurationList section */
	};
	rootObject = 3E2DCCD627A0D26100FE83AC /* Project object */;
}
